
Microsoft Visual Studio Solution File, Format Version 12.00
# Visual Studio Version 16
VisualStudioVersion = 16.0.31911.196
MinimumVisualStudioVersion = 10.0.40219.1
Project("{FAE04EC0-301F-11D3-BF4B-00C04F79EFBC}") = "exam_14", "exam_14\exam_14.csproj", "{9CD1111C-345E-4FB8-93B8-6837CD25F8D1}"
EndProject
Project("{FAE04EC0-301F-11D3-BF4B-00C04F79EFBC}") = "USqlCSharpUdoUnitTestProject1", "USqlCSharpUdoUnitTestProject1\USqlCSharpUdoUnitTestProject1.csproj", "{A29A5D1F-0B09-4F83-A944-54BAC9F78571}"
EndProject
Global
	GlobalSection(SolutionConfigurationPlatforms) = preSolution
		Debug|Any CPU = Debug|Any CPU
		Release|Any CPU = Release|Any CPU
	EndGlobalSection
	GlobalSection(ProjectConfigurationPlatforms) = postSolution
		{9CD1111C-345E-4FB8-93B8-6837CD25F8D1}.Debug|Any CPU.ActiveCfg = Debug|Any CPU
		{9CD1111C-345E-4FB8-93B8-6837CD25F8D1}.Debug|Any CPU.Build.0 = Debug|Any CPU
		{9CD1111C-345E-4FB8-93B8-6837CD25F8D1}.Release|Any CPU.ActiveCfg = Release|Any CPU
		{9CD1111C-345E-4FB8-93B8-6837CD25F8D1}.Release|Any CPU.Build.0 = Release|Any CPU
		{A29A5D1F-0B09-4F83-A944-54BAC9F78571}.Debug|Any CPU.ActiveCfg = Debug|Any CPU
		{A29A5D1F-0B09-4F83-A944-54BAC9F78571}.Debug|Any CPU.Build.0 = Debug|Any CPU
		{A29A5D1F-0B09-4F83-A944-54BAC9F78571}.Release|Any CPU.ActiveCfg = Release|Any CPU
		{A29A5D1F-0B09-4F83-A944-54BAC9F78571}.Release|Any CPU.Build.0 = Release|Any CPU
	EndGlobalSection
	GlobalSection(SolutionProperties) = preSolution
		HideSolutionNode = FALSE
	EndGlobalSection
	GlobalSection(ExtensibilityGlobals) = postSolution
		SolutionGuid = {351B3DAA-06B3-4D72-9DE0-FB3C2660B919}
	EndGlobalSection
EndGlobal
